
Microsoft Visual Studio Solution File, Format Version 12.00
# Visual Studio Version 17
VisualStudioVersion = 17.3.32929.385
MinimumVisualStudioVersion = 10.0.40219.1
Project("{D2ABAB84-BF74-430A-B69E-9DC6D40DDA17}") = "SSAS_Project", "SSAS_Project.dwproj", "{5BF1E6FF-4BD0-4104-BB8F-7393E8F856E2}"
EndProject
Global
	GlobalSection(SolutionConfigurationPlatforms) = preSolution
		Development|Default = Development|Default
	EndGlobalSection
	GlobalSection(ProjectConfigurationPlatforms) = postSolution
		{5BF1E6FF-4BD0-4104-BB8F-7393E8F856E2}.Development|Default.ActiveCfg = Development
		{5BF1E6FF-4BD0-4104-BB8F-7393E8F856E2}.Development|Default.Build.0 = Development
		{5BF1E6FF-4BD0-4104-BB8F-7393E8F856E2}.Development|Default.Deploy.0 = Development
	EndGlobalSection
	GlobalSection(SolutionProperties) = preSolution
		HideSolutionNode = FALSE
	EndGlobalSection
	GlobalSection(ExtensibilityGlobals) = postSolution
		SolutionGuid = {D46E8E28-8936-4CE5-B4E9-57063B060CD0}
	EndGlobalSection
EndGlobal
